
Microsoft Visual Studio Solution File, Format Version 12.00
# Visual Studio Version 17
VisualStudioVersion = 17.2.32602.215
MinimumVisualStudioVersion = 10.0.40219.1
Project("{FAE04EC0-301F-11D3-BF4B-00C04F79EFBC}") = "EDSMAIOTransChecker", "EDSMAIOTransChecker\EDSMAIOTransChecker.csproj", "{3A11AC79-2C8A-4944-B882-BF259CC0B492}"
EndProject
Global
	GlobalSection(SolutionConfigurationPlatforms) = preSolution
		Debug|Any CPU = Debug|Any CPU
		Release|Any CPU = Release|Any CPU
	EndGlobalSection
	GlobalSection(ProjectConfigurationPlatforms) = postSolution
		{3A11AC79-2C8A-4944-B882-BF259CC0B492}.Debug|Any CPU.ActiveCfg = Debug|Any CPU
		{3A11AC79-2C8A-4944-B882-BF259CC0B492}.Debug|Any CPU.Build.0 = Debug|Any CPU
		{3A11AC79-2C8A-4944-B882-BF259CC0B492}.Release|Any CPU.ActiveCfg = Release|Any CPU
		{3A11AC79-2C8A-4944-B882-BF259CC0B492}.Release|Any CPU.Build.0 = Release|Any CPU
	EndGlobalSection
	GlobalSection(SolutionProperties) = preSolution
		HideSolutionNode = FALSE
	EndGlobalSection
	GlobalSection(ExtensibilityGlobals) = postSolution
		SolutionGuid = {5E1E8CAC-EE03-41F0-AEBA-B408AB12303F}
	EndGlobalSection
EndGlobal
